
Microsoft Visual Studio Solution File, Format Version 10.00
# Visual Studio 2008
Project("{8BC9CEB8-8B4A-11D0-8D11-00A0C91BC942}") = "vavrdisasm", "vavrdisasm.vcproj", "{8CC0AEFE-52F2-4176-96D7-6A66720F181E}"
EndProject
Global
	GlobalSection(SolutionConfigurationPlatforms) = preSolution
		Debug|Win32 = Debug|Win32
		Release|Win32 = Release|Win32
	EndGlobalSection
	GlobalSection(ProjectConfigurationPlatforms) = postSolution
		{8CC0AEFE-52F2-4176-96D7-6A66720F181E}.Debug|Win32.ActiveCfg = Debug|Win32
		{8CC0AEFE-52F2-4176-96D7-6A66720F181E}.Debug|Win32.Build.0 = Debug|Win32
		{8CC0AEFE-52F2-4176-96D7-6A66720F181E}.Release|Win32.ActiveCfg = Release|Win32
		{8CC0AEFE-52F2-4176-96D7-6A66720F181E}.Release|Win32.Build.0 = Release|Win32
	EndGlobalSection
	GlobalSection(SolutionProperties) = preSolution
		HideSolutionNode = FALSE
	EndGlobalSection
EndGlobal
